
Microsoft Visual Studio Solution File, Format Version 12.00
# Visual Studio 15
VisualStudioVersion = 15.0.28307.438
MinimumVisualStudioVersion = 10.0.40219.1
Project("{FAE04EC0-301F-11D3-BF4B-00C04F79EFBC}") = "Pongnoid", "Pongnoid\Pongnoid.csproj", "{42D35D2F-E692-4490-B7A2-8B0BDCF447FB}"
EndProject
Global
	GlobalSection(SolutionConfigurationPlatforms) = preSolution
		Debug|Any CPU = Debug|Any CPU
		Release|Any CPU = Release|Any CPU
	EndGlobalSection
	GlobalSection(ProjectConfigurationPlatforms) = postSolution
		{42D35D2F-E692-4490-B7A2-8B0BDCF447FB}.Debug|Any CPU.ActiveCfg = Debug|Any CPU
		{42D35D2F-E692-4490-B7A2-8B0BDCF447FB}.Debug|Any CPU.Build.0 = Debug|Any CPU
		{42D35D2F-E692-4490-B7A2-8B0BDCF447FB}.Release|Any CPU.ActiveCfg = Release|Any CPU
		{42D35D2F-E692-4490-B7A2-8B0BDCF447FB}.Release|Any CPU.Build.0 = Release|Any CPU
	EndGlobalSection
	GlobalSection(SolutionProperties) = preSolution
		HideSolutionNode = FALSE
	EndGlobalSection
	GlobalSection(ExtensibilityGlobals) = postSolution
		SolutionGuid = {6FD6EFC5-B29A-47E5-8E42-3FBEA0BA92A0}
	EndGlobalSection
EndGlobal
